// !$*UTF8*$!
{
	archiveVersion = 1;
	classes = {
	};
	objectVersion = 77;
	objects = {

/* Begin PBXBuildFile section */
		CF873526082F541D27891947 /* Pods_CryptoCoin.framework in Frameworks */ = {isa = PBXBuildFile; fileRef = CDB91609A250CE2C48A0FCB9 /* Pods_CryptoCoin.framework */; };
/* End PBXBuildFile section */

/* Begin PBXContainerItemProxy section */
		921545012D353785008314F8 /* PBXContainerItemProxy */ = {
			isa = PBXContainerItemProxy;
			containerPortal = 921DDE632D2EAC38005AB3D1 /* Project object */;
			proxyType = 1;
			remoteGlobalIDString = 921DDE6A2D2EAC38005AB3D1;
			remoteInfo = CryptoCoin;
		};
/* End PBXContainerItemProxy section */

/* Begin PBXFileReference section */
		467FD4788DC2D2318A49809E /* Pods-CryptoCoin.debug.xcconfig */ = {isa = PBXFileReference; includeInIndex = 1; lastKnownFileType = text.xcconfig; name = "Pods-CryptoCoin.debug.xcconfig"; path = "Target Support Files/Pods-CryptoCoin/Pods-CryptoCoin.debug.xcconfig"; sourceTree = "<group>"; };
		921544FD2D353785008314F8 /* CryptoCoinTests.xctest */ = {isa = PBXFileReference; explicitFileType = wrapper.cfbundle; includeInIndex = 0; path = CryptoCoinTests.xctest; sourceTree = BUILT_PRODUCTS_DIR; };
		921DDE6B2D2EAC38005AB3D1 /* CryptoCoin.app */ = {isa = PBXFileReference; explicitFileType = wrapper.application; includeInIndex = 0; path = CryptoCoin.app; sourceTree = BUILT_PRODUCTS_DIR; };
		CDB91609A250CE2C48A0FCB9 /* Pods_CryptoCoin.framework */ = {isa = PBXFileReference; explicitFileType = wrapper.framework; includeInIndex = 0; path = Pods_CryptoCoin.framework; sourceTree = BUILT_PRODUCTS_DIR; };
		DD2AA44CB9DEB030BF18C5A0 /* Pods-CryptoCoin.release.xcconfig */ = {isa = PBXFileReference; includeInIndex = 1; lastKnownFileType = text.xcconfig; name = "Pods-CryptoCoin.release.xcconfig"; path = "Target Support Files/Pods-CryptoCoin/Pods-CryptoCoin.release.xcconfig"; sourceTree = "<group>"; };
/* End PBXFileReference section */

/* Begin PBXFileSystemSynchronizedBuildFileExceptionSet section */
		921DDE7D2D2EAC39005AB3D1 /* Exceptions for "CryptoCoin" folder in "CryptoCoin" target */ = {
			isa = PBXFileSystemSynchronizedBuildFileExceptionSet;
			membershipExceptions = (
				Resources/Info.plist,
			);
			target = 921DDE6A2D2EAC38005AB3D1 /* CryptoCoin */;
		};
/* End PBXFileSystemSynchronizedBuildFileExceptionSet section */

/* Begin PBXFileSystemSynchronizedRootGroup section */
		921544FE2D353785008314F8 /* CryptoCoinTests */ = {
			isa = PBXFileSystemSynchronizedRootGroup;
			path = CryptoCoinTests;
			sourceTree = "<group>";
		};
		921DDE6D2D2EAC38005AB3D1 /* CryptoCoin */ = {
			isa = PBXFileSystemSynchronizedRootGroup;
			exceptions = (
				921DDE7D2D2EAC39005AB3D1 /* Exceptions for "CryptoCoin" folder in "CryptoCoin" target */,
			);
			path = CryptoCoin;
			sourceTree = "<group>";
		};
/* End PBXFileSystemSynchronizedRootGroup section */

/* Begin PBXFrameworksBuildPhase section */
		921544FA2D353785008314F8 /* Frameworks */ = {
			isa = PBXFrameworksBuildPhase;
			buildActionMask = 2147483647;
			files = (
			);
			runOnlyForDeploymentPostprocessing = 0;
		};
		921DDE682D2EAC38005AB3D1 /* Frameworks */ = {
			isa = PBXFrameworksBuildPhase;
			buildActionMask = 2147483647;
			files = (
				CF873526082F541D27891947 /* Pods_CryptoCoin.framework in Frameworks */,
			);
			runOnlyForDeploymentPostprocessing = 0;
		};
/* End PBXFrameworksBuildPhase section */

/* Begin PBXGroup section */
		199D7E041DE184D3DF7FA842 /* Frameworks */ = {
			isa = PBXGroup;
			children = (
				CDB91609A250CE2C48A0FCB9 /* Pods_CryptoCoin.framework */,
			);
			name = Frameworks;
			sourceTree = "<group>";
		};
		68327316D77F12F71B852FCF /* Pods */ = {
			isa = PBXGroup;
			children = (
				467FD4788DC2D2318A49809E /* Pods-CryptoCoin.debug.xcconfig */,
				DD2AA44CB9DEB030BF18C5A0 /* Pods-CryptoCoin.release.xcconfig */,
			);
			path = Pods;
			sourceTree = "<group>";
		};
		921DDE622D2EAC38005AB3D1 = {
			isa = PBXGroup;
			children = (
				921DDE6D2D2EAC38005AB3D1 /* CryptoCoin */,
				921544FE2D353785008314F8 /* CryptoCoinTests */,
				921DDE6C2D2EAC38005AB3D1 /* Products */,
				68327316D77F12F71B852FCF /* Pods */,
				199D7E041DE184D3DF7FA842 /* Frameworks */,
			);
			sourceTree = "<group>";
		};
		921DDE6C2D2EAC38005AB3D1 /* Products */ = {
			isa = PBXGroup;
			children = (
				921DDE6B2D2EAC38005AB3D1 /* CryptoCoin.app */,
				921544FD2D353785008314F8 /* CryptoCoinTests.xctest */,
			);
			name = Products;
			sourceTree = "<group>";
		};
/* End PBXGroup section */

/* Begin PBXNativeTarget section */
		921544FC2D353785008314F8 /* CryptoCoinTests */ = {
			isa = PBXNativeTarget;
			buildConfigurationList = 921545052D353786008314F8 /* Build configuration list for PBXNativeTarget "CryptoCoinTests" */;
			buildPhases = (
				921544F92D353785008314F8 /* Sources */,
				921544FA2D353785008314F8 /* Frameworks */,
				921544FB2D353785008314F8 /* Resources */,
			);
			buildRules = (
			);
			dependencies = (
				921545022D353785008314F8 /* PBXTargetDependency */,
			);
			fileSystemSynchronizedGroups = (
				921544FE2D353785008314F8 /* CryptoCoinTests */,
			);
			name = CryptoCoinTests;
			packageProductDependencies = (
			);
			productName = CryptoCoinTests;
			productReference = 921544FD2D353785008314F8 /* CryptoCoinTests.xctest */;
			productType = "com.apple.product-type.bundle.unit-test";
		};
		921DDE6A2D2EAC38005AB3D1 /* CryptoCoin */ = {
			isa = PBXNativeTarget;
			buildConfigurationList = 921DDE7E2D2EAC39005AB3D1 /* Build configuration list for PBXNativeTarget "CryptoCoin" */;
			buildPhases = (
				0977F3182A6520D36A55486D /* [CP] Check Pods Manifest.lock */,
				921DDE672D2EAC38005AB3D1 /* Sources */,
				921DDE682D2EAC38005AB3D1 /* Frameworks */,
				921DDE692D2EAC38005AB3D1 /* Resources */,
				F7DB158280108482AFE13B50 /* [CP] Embed Pods Frameworks */,
			);
			buildRules = (
			);
			dependencies = (
			);
			fileSystemSynchronizedGroups = (
				921DDE6D2D2EAC38005AB3D1 /* CryptoCoin */,
			);
			name = CryptoCoin;
			productName = CryptoCoin;
			productReference = 921DDE6B2D2EAC38005AB3D1 /* CryptoCoin.app */;
			productType = "com.apple.product-type.application";
		};
/* End PBXNativeTarget section */

/* Begin PBXProject section */
		921DDE632D2EAC38005AB3D1 /* Project object */ = {
			isa = PBXProject;
			attributes = {
				BuildIndependentTargetsInParallel = 1;
				LastSwiftUpdateCheck = 1610;
				LastUpgradeCheck = 1610;
				TargetAttributes = {
					921544FC2D353785008314F8 = {
						CreatedOnToolsVersion = 16.1;
						TestTargetID = 921DDE6A2D2EAC38005AB3D1;
					};
					921DDE6A2D2EAC38005AB3D1 = {
						CreatedOnToolsVersion = 16.1;
					};
				};
			};
			buildConfigurationList = 921DDE662D2EAC38005AB3D1 /* Build configuration list for PBXProject "CryptoCoin" */;
			developmentRegion = en;
			hasScannedForEncodings = 0;
			knownRegions = (
				en,
				Base,
			);
			mainGroup = 921DDE622D2EAC38005AB3D1;
			minimizedProjectReferenceProxies = 1;
			preferredProjectObjectVersion = 77;
			productRefGroup = 921DDE6C2D2EAC38005AB3D1 /* Products */;
			projectDirPath = "";
			projectRoot = "";
			targets = (
				921DDE6A2D2EAC38005AB3D1 /* CryptoCoin */,
				921544FC2D353785008314F8 /* CryptoCoinTests */,
			);
		};
/* End PBXProject section */

/* Begin PBXResourcesBuildPhase section */
		921544FB2D353785008314F8 /* Resources */ = {
			isa = PBXResourcesBuildPhase;
			buildActionMask = 2147483647;
			files = (
			);
			runOnlyForDeploymentPostprocessing = 0;
		};
		921DDE692D2EAC38005AB3D1 /* Resources */ = {
			isa = PBXResourcesBuildPhase;
			buildActionMask = 2147483647;
			files = (
			);
			runOnlyForDeploymentPostprocessing = 0;
		};
/* End PBXResourcesBuildPhase section */

/* Begin PBXShellScriptBuildPhase section */
		0977F3182A6520D36A55486D /* [CP] Check Pods Manifest.lock */ = {
			isa = PBXShellScriptBuildPhase;
			buildActionMask = 2147483647;
			files = (
			);
			inputFileListPaths = (
			);
			inputPaths = (
				"${PODS_PODFILE_DIR_PATH}/Podfile.lock",
				"${PODS_ROOT}/Manifest.lock",
			);
			name = "[CP] Check Pods Manifest.lock";
			outputFileListPaths = (
			);
			outputPaths = (
				"$(DERIVED_FILE_DIR)/Pods-CryptoCoin-checkManifestLockResult.txt",
			);
			runOnlyForDeploymentPostprocessing = 0;
			shellPath = /bin/sh;
			shellScript = "diff \"${PODS_PODFILE_DIR_PATH}/Podfile.lock\" \"${PODS_ROOT}/Manifest.lock\" > /dev/null\nif [ $? != 0 ] ; then\n    # print error to STDERR\n    echo \"error: The sandbox is not in sync with the Podfile.lock. Run 'pod install' or update your CocoaPods installation.\" >&2\n    exit 1\nfi\n# This output is used by Xcode 'outputs' to avoid re-running this script phase.\necho \"SUCCESS\" > \"${SCRIPT_OUTPUT_FILE_0}\"\n";
			showEnvVarsInLog = 0;
		};
		F7DB158280108482AFE13B50 /* [CP] Embed Pods Frameworks */ = {
			isa = PBXShellScriptBuildPhase;
			buildActionMask = 2147483647;
			files = (
			);
			inputFileListPaths = (
				"${PODS_ROOT}/Target Support Files/Pods-CryptoCoin/Pods-CryptoCoin-frameworks-${CONFIGURATION}-input-files.xcfilelist",
			);
			inputPaths = (
			);
			name = "[CP] Embed Pods Frameworks";
			outputFileListPaths = (
				"${PODS_ROOT}/Target Support Files/Pods-CryptoCoin/Pods-CryptoCoin-frameworks-${CONFIGURATION}-output-files.xcfilelist",
			);
			outputPaths = (
			);
			runOnlyForDeploymentPostprocessing = 0;
			shellPath = /bin/sh;
			shellScript = "\"${PODS_ROOT}/Target Support Files/Pods-CryptoCoin/Pods-CryptoCoin-frameworks.sh\"\n";
			showEnvVarsInLog = 0;
		};
/* End PBXShellScriptBuildPhase section */

/* Begin PBXSourcesBuildPhase section */
		921544F92D353785008314F8 /* Sources */ = {
			isa = PBXSourcesBuildPhase;
			buildActionMask = 2147483647;
			files = (
			);
			runOnlyForDeploymentPostprocessing = 0;
		};
		921DDE672D2EAC38005AB3D1 /* Sources */ = {
			isa = PBXSourcesBuildPhase;
			buildActionMask = 2147483647;
			files = (
			);
			runOnlyForDeploymentPostprocessing = 0;
		};
/* End PBXSourcesBuildPhase section */

/* Begin PBXTargetDependency section */
		921545022D353785008314F8 /* PBXTargetDependency */ = {
			isa = PBXTargetDependency;
			target = 921DDE6A2D2EAC38005AB3D1 /* CryptoCoin */;
			targetProxy = 921545012D353785008314F8 /* PBXContainerItemProxy */;
		};
/* End PBXTargetDependency section */

/* Begin XCBuildConfiguration section */
		921545032D353785008314F8 /* Debug */ = {
			isa = XCBuildConfiguration;
			buildSettings = {
				BUNDLE_LOADER = "$(TEST_HOST)";
				CODE_SIGN_STYLE = Automatic;
				CURRENT_PROJECT_VERSION = 1;
				DEVELOPMENT_TEAM = 57HYQW6DAG;
				ENABLE_USER_SCRIPT_SANDBOXING = YES;
				GENERATE_INFOPLIST_FILE = YES;
				MARKETING_VERSION = 1.0;
				PRODUCT_BUNDLE_IDENTIFIER = com.diggosilva.CryptoCoinTests;
				PRODUCT_NAME = "$(TARGET_NAME)";
				SWIFT_EMIT_LOC_STRINGS = NO;
				SWIFT_VERSION = 5.0;
				TARGETED_DEVICE_FAMILY = "1,2";
				TEST_HOST = "$(BUILT_PRODUCTS_DIR)/CryptoCoin.app/$(BUNDLE_EXECUTABLE_FOLDER_PATH)/CryptoCoin";
			};
			name = Debug;
		};
		921545042D353785008314F8 /* Release */ = {
			isa = XCBuildConfiguration;
			buildSettings = {
				BUNDLE_LOADER = "$(TEST_HOST)";
				CODE_SIGN_STYLE = Automatic;
				CURRENT_PROJECT_VERSION = 1;
				DEVELOPMENT_TEAM = 57HYQW6DAG;
				ENABLE_USER_SCRIPT_SANDBOXING = YES;
				GENERATE_INFOPLIST_FILE = YES;
				MARKETING_VERSION = 1.0;
				PRODUCT_BUNDLE_IDENTIFIER = com.diggosilva.CryptoCoinTests;
				PRODUCT_NAME = "$(TARGET_NAME)";
				SWIFT_EMIT_LOC_STRINGS = NO;
				SWIFT_VERSION = 5.0;
				TARGETED_DEVICE_FAMILY = "1,2";
				TEST_HOST = "$(BUILT_PRODUCTS_DIR)/CryptoCoin.app/$(BUNDLE_EXECUTABLE_FOLDER_PATH)/CryptoCoin";
			};
			name = Release;
		};
		921DDE7F2D2EAC39005AB3D1 /* Debug */ = {
			isa = XCBuildConfiguration;
			baseConfigurationReference = 467FD4788DC2D2318A49809E /* Pods-CryptoCoin.debug.xcconfig */;
			buildSettings = {
				API_URL_BR = "https://api.coingecko.com/api/v3/coins/markets?vs_currency=brl&order=market_cap_desc&per_page=90&page=1&sparkline=true&price_change_percentage=24h&locale=pt";
				API_URL_US = "https://api.coingecko.com/api/v3/coins/markets?vs_currency=usd&order=market_cap_desc&per_page=90&page=1&sparkline=true&price_change_percentage=24h&locale=en";
				ASSETCATALOG_COMPILER_APPICON_NAME = AppIcon;
				ASSETCATALOG_COMPILER_GLOBAL_ACCENT_COLOR_NAME = AccentColor;
				CODE_SIGN_STYLE = Automatic;
				CURRENT_PROJECT_VERSION = 1;
				DEVELOPMENT_TEAM = 57HYQW6DAG;
				GENERATE_INFOPLIST_FILE = YES;
				INFOPLIST_FILE = CryptoCoin/Resources/Info.plist;
				INFOPLIST_KEY_UIApplicationSupportsIndirectInputEvents = YES;
				INFOPLIST_KEY_UILaunchStoryboardName = LaunchScreen;
				INFOPLIST_KEY_UISupportedInterfaceOrientations = UIInterfaceOrientationPortrait;
				INFOPLIST_KEY_UISupportedInterfaceOrientations_iPad = "UIInterfaceOrientationLandscapeLeft UIInterfaceOrientationLandscapeRight UIInterfaceOrientationPortrait";
				LD_RUNPATH_SEARCH_PATHS = (
					"$(inherited)",
					"@executable_path/Frameworks",
				);
				MARKETING_VERSION = 1.0;
				PRODUCT_BUNDLE_IDENTIFIER = com.diggosilva.CryptoCoin;
				PRODUCT_NAME = "$(TARGET_NAME)";
				SWIFT_EMIT_LOC_STRINGS = YES;
				SWIFT_VERSION = 5.0;
				TARGETED_DEVICE_FAMILY = "1,2";
			};
			name = Debug;
		};
		921DDE802D2EAC39005AB3D1 /* Release */ = {
			isa = XCBuildConfiguration;
			baseConfigurationReference = DD2AA44CB9DEB030BF18C5A0 /* Pods-CryptoCoin.release.xcconfig */;
			buildSettings = {
				API_URL_BR = "https://api.coingecko.com/api/v3/coins/markets?vs_currency=brl&order=market_cap_desc&per_page=90&page=1&sparkline=true&price_change_percentage=24h&locale=pt";
				API_URL_US = "https://api.coingecko.com/api/v3/coins/markets?vs_currency=usd&order=market_cap_desc&per_page=90&page=1&sparkline=true&price_change_percentage=24h&locale=en";
				ASSETCATALOG_COMPILER_APPICON_NAME = AppIcon;
				ASSETCATALOG_COMPILER_GLOBAL_ACCENT_COLOR_NAME = AccentColor;
				CODE_SIGN_STYLE = Automatic;
				CURRENT_PROJECT_VERSION = 1;
				DEVELOPMENT_TEAM = 57HYQW6DAG;
				GENERATE_INFOPLIST_FILE = YES;
				INFOPLIST_FILE = CryptoCoin/Resources/Info.plist;
				INFOPLIST_KEY_UIApplicationSupportsIndirectInputEvents = YES;
				INFOPLIST_KEY_UILaunchStoryboardName = LaunchScreen;
				INFOPLIST_KEY_UISupportedInterfaceOrientations = UIInterfaceOrientationPortrait;
				INFOPLIST_KEY_UISupportedInterfaceOrientations_iPad = "UIInterfaceOrientationLandscapeLeft UIInterfaceOrientationLandscapeRight UIInterfaceOrientationPortrait";
				LD_RUNPATH_SEARCH_PATHS = (
					"$(inherited)",
					"@executable_path/Frameworks",
				);
				MARKETING_VERSION = 1.0;
				PRODUCT_BUNDLE_IDENTIFIER = com.diggosilva.CryptoCoin;
				PRODUCT_NAME = "$(TARGET_NAME)";
				SWIFT_EMIT_LOC_STRINGS = YES;
				SWIFT_VERSION = 5.0;
				TARGETED_DEVICE_FAMILY = "1,2";
			};
			name = Release;
		};
		921DDE812D2EAC39005AB3D1 /* Debug */ = {
			isa = XCBuildConfiguration;
			buildSettings = {
				ALWAYS_SEARCH_USER_PATHS = NO;
				ASSETCATALOG_COMPILER_GENERATE_SWIFT_ASSET_SYMBOL_EXTENSIONS = YES;
				CLANG_ANALYZER_NONNULL = YES;
				CLANG_ANALYZER_NUMBER_OBJECT_CONVERSION = YES_AGGRESSIVE;
				CLANG_CXX_LANGUAGE_STANDARD = "gnu++20";
				CLANG_ENABLE_MODULES = YES;
				CLANG_ENABLE_OBJC_ARC = YES;
				CLANG_ENABLE_OBJC_WEAK = YES;
				CLANG_WARN_BLOCK_CAPTURE_AUTORELEASING = YES;
				CLANG_WARN_BOOL_CONVERSION = YES;
				CLANG_WARN_COMMA = YES;
				CLANG_WARN_CONSTANT_CONVERSION = YES;
				CLANG_WARN_DEPRECATED_OBJC_IMPLEMENTATIONS = YES;
				CLANG_WARN_DIRECT_OBJC_ISA_USAGE = YES_ERROR;
				CLANG_WARN_DOCUMENTATION_COMMENTS = YES;
				CLANG_WARN_EMPTY_BODY = YES;
				CLANG_WARN_ENUM_CONVERSION = YES;
				CLANG_WARN_INFINITE_RECURSION = YES;
				CLANG_WARN_INT_CONVERSION = YES;
				CLANG_WARN_NON_LITERAL_NULL_CONVERSION = YES;
				CLANG_WARN_OBJC_IMPLICIT_RETAIN_SELF = YES;
				CLANG_WARN_OBJC_LITERAL_CONVERSION = YES;
				CLANG_WARN_OBJC_ROOT_CLASS = YES_ERROR;
				CLANG_WARN_QUOTED_INCLUDE_IN_FRAMEWORK_HEADER = YES;
				CLANG_WARN_RANGE_LOOP_ANALYSIS = YES;
				CLANG_WARN_STRICT_PROTOTYPES = YES;
				CLANG_WARN_SUSPICIOUS_MOVE = YES;
				CLANG_WARN_UNGUARDED_AVAILABILITY = YES_AGGRESSIVE;
				CLANG_WARN_UNREACHABLE_CODE = YES;
				CLANG_WARN__DUPLICATE_METHOD_MATCH = YES;
				COPY_PHASE_STRIP = NO;
				DEBUG_INFORMATION_FORMAT = dwarf;
				ENABLE_STRICT_OBJC_MSGSEND = YES;
				ENABLE_TESTABILITY = YES;
				ENABLE_USER_SCRIPT_SANDBOXING = NO;
				GCC_C_LANGUAGE_STANDARD = gnu17;
				GCC_DYNAMIC_NO_PIC = NO;
				GCC_NO_COMMON_BLOCKS = YES;
				GCC_OPTIMIZATION_LEVEL = 0;
				GCC_PREPROCESSOR_DEFINITIONS = (
					"DEBUG=1",
					"$(inherited)",
				);
				GCC_WARN_64_TO_32_BIT_CONVERSION = YES;
				GCC_WARN_ABOUT_RETURN_TYPE = YES_ERROR;
				GCC_WARN_UNDECLARED_SELECTOR = YES;
				GCC_WARN_UNINITIALIZED_AUTOS = YES_AGGRESSIVE;
				GCC_WARN_UNUSED_FUNCTION = YES;
				GCC_WARN_UNUSED_VARIABLE = YES;
				IPHONEOS_DEPLOYMENT_TARGET = 18.1;
				LOCALIZATION_PREFERS_STRING_CATALOGS = YES;
				MTL_ENABLE_DEBUG_INFO = INCLUDE_SOURCE;
				MTL_FAST_MATH = YES;
				ONLY_ACTIVE_ARCH = YES;
				SDKROOT = iphoneos;
				SWIFT_ACTIVE_COMPILATION_CONDITIONS = "DEBUG $(inherited)";
				SWIFT_OPTIMIZATION_LEVEL = "-Onone";
			};
			name = Debug;
		};
		921DDE822D2EAC39005AB3D1 /* Release */ = {
			isa = XCBuildConfiguration;
			buildSettings = {
				ALWAYS_SEARCH_USER_PATHS = NO;
				ASSETCATALOG_COMPILER_GENERATE_SWIFT_ASSET_SYMBOL_EXTENSIONS = YES;
				CLANG_ANALYZER_NONNULL = YES;
				CLANG_ANALYZER_NUMBER_OBJECT_CONVERSION = YES_AGGRESSIVE;
				CLANG_CXX_LANGUAGE_STANDARD = "gnu++20";
				CLANG_ENABLE_MODULES = YES;
				CLANG_ENABLE_OBJC_ARC = YES;
				CLANG_ENABLE_OBJC_WEAK = YES;
				CLANG_WARN_BLOCK_CAPTURE_AUTORELEASING = YES;
				CLANG_WARN_BOOL_CONVERSION = YES;
				CLANG_WARN_COMMA = YES;
				CLANG_WARN_CONSTANT_CONVERSION = YES;
				CLANG_WARN_DEPRECATED_OBJC_IMPLEMENTATIONS = YES;
				CLANG_WARN_DIRECT_OBJC_ISA_USAGE = YES_ERROR;
				CLANG_WARN_DOCUMENTATION_COMMENTS = YES;
				CLANG_WARN_EMPTY_BODY = YES;
				CLANG_WARN_ENUM_CONVERSION = YES;
				CLANG_WARN_INFINITE_RECURSION = YES;
				CLANG_WARN_INT_CONVERSION = YES;
				CLANG_WARN_NON_LITERAL_NULL_CONVERSION = YES;
				CLANG_WARN_OBJC_IMPLICIT_RETAIN_SELF = YES;
				CLANG_WARN_OBJC_LITERAL_CONVERSION = YES;
				CLANG_WARN_OBJC_ROOT_CLASS = YES_ERROR;
				CLANG_WARN_QUOTED_INCLUDE_IN_FRAMEWORK_HEADER = YES;
				CLANG_WARN_RANGE_LOOP_ANALYSIS = YES;
				CLANG_WARN_STRICT_PROTOTYPES = YES;
				CLANG_WARN_SUSPICIOUS_MOVE = YES;
				CLANG_WARN_UNGUARDED_AVAILABILITY = YES_AGGRESSIVE;
				CLANG_WARN_UNREACHABLE_CODE = YES;
				CLANG_WARN__DUPLICATE_METHOD_MATCH = YES;
				COPY_PHASE_STRIP = NO;
				DEBUG_INFORMATION_FORMAT = "dwarf-with-dsym";
				ENABLE_NS_ASSERTIONS = NO;
				ENABLE_STRICT_OBJC_MSGSEND = YES;
				ENABLE_USER_SCRIPT_SANDBOXING = NO;
				GCC_C_LANGUAGE_STANDARD = gnu17;
				GCC_NO_COMMON_BLOCKS = YES;
				GCC_WARN_64_TO_32_BIT_CONVERSION = YES;
				GCC_WARN_ABOUT_RETURN_TYPE = YES_ERROR;
				GCC_WARN_UNDECLARED_SELECTOR = YES;
				GCC_WARN_UNINITIALIZED_AUTOS = YES_AGGRESSIVE;
				GCC_WARN_UNUSED_FUNCTION = YES;
				GCC_WARN_UNUSED_VARIABLE = YES;
				IPHONEOS_DEPLOYMENT_TARGET = 18.1;
				LOCALIZATION_PREFERS_STRING_CATALOGS = YES;
				MTL_ENABLE_DEBUG_INFO = NO;
				MTL_FAST_MATH = YES;
				SDKROOT = iphoneos;
				SWIFT_COMPILATION_MODE = wholemodule;
				VALIDATE_PRODUCT = YES;
			};
			name = Release;
		};
/* End XCBuildConfiguration section */

/* Begin XCConfigurationList section */
		921545052D353786008314F8 /* Build configuration list for PBXNativeTarget "CryptoCoinTests" */ = {
			isa = XCConfigurationList;
			buildConfigurations = (
				921545032D353785008314F8 /* Debug */,
				921545042D353785008314F8 /* Release */,
			);
			defaultConfigurationIsVisible = 0;
			defaultConfigurationName = Release;
		};
		921DDE662D2EAC38005AB3D1 /* Build configuration list for PBXProject "CryptoCoin" */ = {
			isa = XCConfigurationList;
			buildConfigurations = (
				921DDE812D2EAC39005AB3D1 /* Debug */,
				921DDE822D2EAC39005AB3D1 /* Release */,
			);
			defaultConfigurationIsVisible = 0;
			defaultConfigurationName = Release;
		};
		921DDE7E2D2EAC39005AB3D1 /* Build configuration list for PBXNativeTarget "CryptoCoin" */ = {
			isa = XCConfigurationList;
			buildConfigurations = (
				921DDE7F2D2EAC39005AB3D1 /* Debug */,
				921DDE802D2EAC39005AB3D1 /* Release */,
			);
			defaultConfigurationIsVisible = 0;
			defaultConfigurationName = Release;
		};
/* End XCConfigurationList section */
	};
	rootObject = 921DDE632D2EAC38005AB3D1 /* Project object */;
}
